PODS:
  - DVPieChart (0.1.0)
  - Realm (10.15.0):
    - Realm/Headers (= 10.15.0)
  - Realm/Headers (10.15.0)
  - RealmSwift (10.15.0):
    - Realm (= 10.15.0)

DEPENDENCIES:
  - DVPieChart (from `../DVPieChart/`)
  - RealmSwift

SPEC REPOS:
  trunk:
    - Realm
    - RealmSwift

EXTERNAL SOURCES:
  DVPieChart:
    :path: "../DVPieChart/"

SPEC CHECKSUMS:
  DVPieChart: 3887c21da461a8077c0d2933160255b8595a4bbc
  Realm: 13e805eb23d3eb8d8bb700d9cf9761f4b625b389
  RealmSwift: 51b29bb4e19fe7322c8a599cf3494b8a08888ef1

PODFILE CHECKSUM: 3d6f4c47b2c83f500fde1c4fb64e200298488536

COCOAPODS: 1.10.1
