// !$*UTF8*$!
{
	archiveVersion = 1;
	classes = {
	};
	objectVersion = 51;
	objects = {

/* Begin PBXBuildFile section */
		6C560AEA47F11B37B91072D2 /* Pods_MoneySums.framework in Frameworks */ = {isa = PBXBuildFile; fileRef = 73AC4140A0767481DA214FE5 /* Pods_MoneySums.framework */; };
		AC98631126EDAAF6008C8DA4 /* AmountTableViewController.swift in Sources */ = {isa = PBXBuildFile; fileRef = AC98630E26EDAAF6008C8DA4 /* AmountTableViewController.swift */; };
		AC98631226EDAAF6008C8DA4 /* PeopleTableViewController.swift in Sources */ = {isa = PBXBuildFile; fileRef = AC98630F26EDAAF6008C8DA4 /* PeopleTableViewController.swift */; };
		AC98631326EDAAF6008C8DA4 /* PaymentTableViewController.swift in Sources */ = {isa = PBXBuildFile; fileRef = AC98631026EDAAF6008C8DA4 /* PaymentTableViewController.swift */; };
		AC98631A26EDAB1A008C8DA4 /* UIViewController+util.swift in Sources */ = {isa = PBXBuildFile; fileRef = AC98631526EDAB1A008C8DA4 /* UIViewController+util.swift */; };
		AC98631B26EDAB1A008C8DA4 /* String+util.swift in Sources */ = {isa = PBXBuildFile; fileRef = AC98631626EDAB1A008C8DA4 /* String+util.swift */; };
		AC98631C26EDAB1A008C8DA4 /* UITextField+util.swift in Sources */ = {isa = PBXBuildFile; fileRef = AC98631726EDAB1A008C8DA4 /* UITextField+util.swift */; };
		AC98631D26EDAB1A008C8DA4 /* Double+util.swift in Sources */ = {isa = PBXBuildFile; fileRef = AC98631826EDAB1A008C8DA4 /* Double+util.swift */; };
		AC98631E26EDAB1A008C8DA4 /* UIView+util.swift in Sources */ = {isa = PBXBuildFile; fileRef = AC98631926EDAB1A008C8DA4 /* UIView+util.swift */; };
		AC98632326EDAB28008C8DA4 /* Amount.swift in Sources */ = {isa = PBXBuildFile; fileRef = AC98632026EDAB28008C8DA4 /* Amount.swift */; };
		AC98632426EDAB28008C8DA4 /* Person.swift in Sources */ = {isa = PBXBuildFile; fileRef = AC98632126EDAB28008C8DA4 /* Person.swift */; };
		AC98632526EDAB28008C8DA4 /* Payment.swift in Sources */ = {isa = PBXBuildFile; fileRef = AC98632226EDAB28008C8DA4 /* Payment.swift */; };
		ACE2B85F26C061B900755CF2 /* AppDelegate.swift in Sources */ = {isa = PBXBuildFile; fileRef = ACE2B85E26C061B900755CF2 /* AppDelegate.swift */; };
		ACE2B86126C061B900755CF2 /* SceneDelegate.swift in Sources */ = {isa = PBXBuildFile; fileRef = ACE2B86026C061B900755CF2 /* SceneDelegate.swift */; };
		ACE2B86626C061B900755CF2 /* Main.storyboard in Resources */ = {isa = PBXBuildFile; fileRef = ACE2B86426C061B900755CF2 /* Main.storyboard */; };
		ACE2B86826C061BA00755CF2 /* Assets.xcassets in Resources */ = {isa = PBXBuildFile; fileRef = ACE2B86726C061BA00755CF2 /* Assets.xcassets */; };
		ACE2B86B26C061BA00755CF2 /* LaunchScreen.storyboard in Resources */ = {isa = PBXBuildFile; fileRef = ACE2B86926C061BA00755CF2 /* LaunchScreen.storyboard */; };
/* End PBXBuildFile section */

/* Begin PBXFileReference section */
		0817054EE101C7FD45A277DD /* Pods-MoneySums.debug.xcconfig */ = {isa = PBXFileReference; includeInIndex = 1; lastKnownFileType = text.xcconfig; name = "Pods-MoneySums.debug.xcconfig"; path = "Target Support Files/Pods-MoneySums/Pods-MoneySums.debug.xcconfig"; sourceTree = "<group>"; };
		73AC4140A0767481DA214FE5 /* Pods_MoneySums.framework */ = {isa = PBXFileReference; explicitFileType = wrapper.framework; includeInIndex = 0; path = Pods_MoneySums.framework; sourceTree = BUILT_PRODUCTS_DIR; };
		AC98630E26EDAAF6008C8DA4 /* AmountTableViewController.swift */ = {isa = PBXFileReference; fileEncoding = 4; lastKnownFileType = sourcecode.swift; path = AmountTableViewController.swift; sourceTree = "<group>"; };
		AC98630F26EDAAF6008C8DA4 /* PeopleTableViewController.swift */ = {isa = PBXFileReference; fileEncoding = 4; lastKnownFileType = sourcecode.swift; path = PeopleTableViewController.swift; sourceTree = "<group>"; };
		AC98631026EDAAF6008C8DA4 /* PaymentTableViewController.swift */ = {isa = PBXFileReference; fileEncoding = 4; lastKnownFileType = sourcecode.swift; path = PaymentTableViewController.swift; sourceTree = "<group>"; };
		AC98631526EDAB1A008C8DA4 /* UIViewController+util.swift */ = {isa = PBXFileReference; fileEncoding = 4; lastKnownFileType = sourcecode.swift; path = "UIViewController+util.swift"; sourceTree = "<group>"; };
		AC98631626EDAB1A008C8DA4 /* String+util.swift */ = {isa = PBXFileReference; fileEncoding = 4; lastKnownFileType = sourcecode.swift; path = "String+util.swift"; sourceTree = "<group>"; };
		AC98631726EDAB1A008C8DA4 /* UITextField+util.swift */ = {isa = PBXFileReference; fileEncoding = 4; lastKnownFileType = sourcecode.swift; path = "UITextField+util.swift"; sourceTree = "<group>"; };
		AC98631826EDAB1A008C8DA4 /* Double+util.swift */ = {isa = PBXFileReference; fileEncoding = 4; lastKnownFileType = sourcecode.swift; path = "Double+util.swift"; sourceTree = "<group>"; };
		AC98631926EDAB1A008C8DA4 /* UIView+util.swift */ = {isa = PBXFileReference; fileEncoding = 4; lastKnownFileType = sourcecode.swift; path = "UIView+util.swift"; sourceTree = "<group>"; };
		AC98632026EDAB28008C8DA4 /* Amount.swift */ = {isa = PBXFileReference; fileEncoding = 4; lastKnownFileType = sourcecode.swift; path = Amount.swift; sourceTree = "<group>"; };
		AC98632126EDAB28008C8DA4 /* Person.swift */ = {isa = PBXFileReference; fileEncoding = 4; lastKnownFileType = sourcecode.swift; path = Person.swift; sourceTree = "<group>"; };
		AC98632226EDAB28008C8DA4 /* Payment.swift */ = {isa = PBXFileReference; fileEncoding = 4; lastKnownFileType = sourcecode.swift; path = Payment.swift; sourceTree = "<group>"; };
		ACE2B85B26C061B900755CF2 /* MoneySums.app */ = {isa = PBXFileReference; explicitFileType = wrapper.application; includeInIndex = 0; path = MoneySums.app; sourceTree = BUILT_PRODUCTS_DIR; };
		ACE2B85E26C061B900755CF2 /* AppDelegate.swift */ = {isa = PBXFileReference; lastKnownFileType = sourcecode.swift; path = AppDelegate.swift; sourceTree = "<group>"; };
		ACE2B86026C061B900755CF2 /* SceneDelegate.swift */ = {isa = PBXFileReference; lastKnownFileType = sourcecode.swift; path = SceneDelegate.swift; sourceTree = "<group>"; };
		ACE2B86526C061B900755CF2 /* Base */ = {isa = PBXFileReference; lastKnownFileType = file.storyboard; name = Base; path = Base.lproj/Main.storyboard; sourceTree = "<group>"; };
		ACE2B86726C061BA00755CF2 /* Assets.xcassets */ = {isa = PBXFileReference; lastKnownFileType = folder.assetcatalog; path = Assets.xcassets; sourceTree = "<group>"; };
		ACE2B86A26C061BA00755CF2 /* Base */ = {isa = PBXFileReference; lastKnownFileType = file.storyboard; name = Base; path = Base.lproj/LaunchScreen.storyboard; sourceTree = "<group>"; };
		ACE2B86C26C061BA00755CF2 /* Info.plist */ = {isa = PBXFileReference; lastKnownFileType = text.plist.xml; path = Info.plist; sourceTree = "<group>"; };
		E2E60CF9924672B7F63EEFD8 /* Pods-MoneySums.release.xcconfig */ = {isa = PBXFileReference; includeInIndex = 1; lastKnownFileType = text.xcconfig; name = "Pods-MoneySums.release.xcconfig"; path = "Target Support Files/Pods-MoneySums/Pods-MoneySums.release.xcconfig"; sourceTree = "<group>"; };
/* End PBXFileReference section */

/* Begin PBXFrameworksBuildPhase section */
		ACE2B85826C061B900755CF2 /* Frameworks */ = {
			isa = PBXFrameworksBuildPhase;
			buildActionMask = 2147483647;
			files = (
				6C560AEA47F11B37B91072D2 /* Pods_MoneySums.framework in Frameworks */,
			);
			runOnlyForDeploymentPostprocessing = 0;
		};
/* End PBXFrameworksBuildPhase section */

/* Begin PBXGroup section */
		33E10947014D28E80BF6DAB5 /* Frameworks */ = {
			isa = PBXGroup;
			children = (
				73AC4140A0767481DA214FE5 /* Pods_MoneySums.framework */,
			);
			name = Frameworks;
			sourceTree = "<group>";
		};
		9F2A4953708D3439F74EA4BA /* Pods */ = {
			isa = PBXGroup;
			children = (
				0817054EE101C7FD45A277DD /* Pods-MoneySums.debug.xcconfig */,
				E2E60CF9924672B7F63EEFD8 /* Pods-MoneySums.release.xcconfig */,
			);
			path = Pods;
			sourceTree = "<group>";
		};
		AC98630D26EDAAF6008C8DA4 /* controller */ = {
			isa = PBXGroup;
			children = (
				AC98630E26EDAAF6008C8DA4 /* AmountTableViewController.swift */,
				AC98630F26EDAAF6008C8DA4 /* PeopleTableViewController.swift */,
				AC98631026EDAAF6008C8DA4 /* PaymentTableViewController.swift */,
			);
			path = controller;
			sourceTree = "<group>";
		};
		AC98631426EDAB1A008C8DA4 /* extension */ = {
			isa = PBXGroup;
			children = (
				AC98631526EDAB1A008C8DA4 /* UIViewController+util.swift */,
				AC98631626EDAB1A008C8DA4 /* String+util.swift */,
				AC98631726EDAB1A008C8DA4 /* UITextField+util.swift */,
				AC98631826EDAB1A008C8DA4 /* Double+util.swift */,
				AC98631926EDAB1A008C8DA4 /* UIView+util.swift */,
			);
			path = extension;
			sourceTree = "<group>";
		};
		AC98631F26EDAB28008C8DA4 /* model */ = {
			isa = PBXGroup;
			children = (
				AC98632026EDAB28008C8DA4 /* Amount.swift */,
				AC98632126EDAB28008C8DA4 /* Person.swift */,
				AC98632226EDAB28008C8DA4 /* Payment.swift */,
			);
			path = model;
			sourceTree = "<group>";
		};
		ACE2B85226C061B900755CF2 = {
			isa = PBXGroup;
			children = (
				ACE2B85D26C061B900755CF2 /* MoneySums */,
				ACE2B85C26C061B900755CF2 /* Products */,
				9F2A4953708D3439F74EA4BA /* Pods */,
				33E10947014D28E80BF6DAB5 /* Frameworks */,
			);
			sourceTree = "<group>";
		};
		ACE2B85C26C061B900755CF2 /* Products */ = {
			isa = PBXGroup;
			children = (
				ACE2B85B26C061B900755CF2 /* MoneySums.app */,
			);
			name = Products;
			sourceTree = "<group>";
		};
		ACE2B85D26C061B900755CF2 /* MoneySums */ = {
			isa = PBXGroup;
			children = (
				AC98630D26EDAAF6008C8DA4 /* controller */,
				AC98631426EDAB1A008C8DA4 /* extension */,
				AC98631F26EDAB28008C8DA4 /* model */,
				ACE2B85E26C061B900755CF2 /* AppDelegate.swift */,
				ACE2B86026C061B900755CF2 /* SceneDelegate.swift */,
				ACE2B86426C061B900755CF2 /* Main.storyboard */,
				ACE2B86726C061BA00755CF2 /* Assets.xcassets */,
				ACE2B86926C061BA00755CF2 /* LaunchScreen.storyboard */,
				ACE2B86C26C061BA00755CF2 /* Info.plist */,
			);
			path = MoneySums;
			sourceTree = "<group>";
		};
/* End PBXGroup section */

/* Begin PBXNativeTarget section */
		ACE2B85A26C061B900755CF2 /* MoneySums */ = {
			isa = PBXNativeTarget;
			buildConfigurationList = ACE2B86F26C061BA00755CF2 /* Build configuration list for PBXNativeTarget "MoneySums" */;
			buildPhases = (
				892FD3206FBFA13EBAC33765 /* [CP] Check Pods Manifest.lock */,
				ACE2B85726C061B900755CF2 /* Sources */,
				ACE2B85826C061B900755CF2 /* Frameworks */,
				ACE2B85926C061B900755CF2 /* Resources */,
				F7A99FA315BFF46F770E5965 /* [CP] Embed Pods Frameworks */,
			);
			buildRules = (
			);
			dependencies = (
			);
			name = MoneySums;
			productName = MoneySums;
			productReference = ACE2B85B26C061B900755CF2 /* MoneySums.app */;
			productType = "com.apple.product-type.application";
		};
/* End PBXNativeTarget section */

/* Begin PBXProject section */
		ACE2B85326C061B900755CF2 /* Project object */ = {
			isa = PBXProject;
			attributes = {
				LastSwiftUpdateCheck = 1250;
				LastUpgradeCheck = 1250;
				TargetAttributes = {
					ACE2B85A26C061B900755CF2 = {
						CreatedOnToolsVersion = 12.5.1;
					};
				};
			};
			buildConfigurationList = ACE2B85626C061B900755CF2 /* Build configuration list for PBXProject "MoneySums" */;
			compatibilityVersion = "Xcode 9.3";
			developmentRegion = en;
			hasScannedForEncodings = 0;
			knownRegions = (
				en,
				Base,
			);
			mainGroup = ACE2B85226C061B900755CF2;
			productRefGroup = ACE2B85C26C061B900755CF2 /* Products */;
			projectDirPath = "";
			projectRoot = "";
			targets = (
				ACE2B85A26C061B900755CF2 /* MoneySums */,
			);
		};
/* End PBXProject section */

/* Begin PBXResourcesBuildPhase section */
		ACE2B85926C061B900755CF2 /* Resources */ = {
			isa = PBXResourcesBuildPhase;
			buildActionMask = 2147483647;
			files = (
				ACE2B86B26C061BA00755CF2 /* LaunchScreen.storyboard in Resources */,
				ACE2B86826C061BA00755CF2 /* Assets.xcassets in Resources */,
				ACE2B86626C061B900755CF2 /* Main.storyboard in Resources */,
			);
			runOnlyForDeploymentPostprocessing = 0;
		};
/* End PBXResourcesBuildPhase section */

/* Begin PBXShellScriptBuildPhase section */
		892FD3206FBFA13EBAC33765 /* [CP] Check Pods Manifest.lock */ = {
			isa = PBXShellScriptBuildPhase;
			buildActionMask = 2147483647;
			files = (
			);
			inputFileListPaths = (
			);
			inputPaths = (
				"${PODS_PODFILE_DIR_PATH}/Podfile.lock",
				"${PODS_ROOT}/Manifest.lock",
			);
			name = "[CP] Check Pods Manifest.lock";
			outputFileListPaths = (
			);
			outputPaths = (
				"$(DERIVED_FILE_DIR)/Pods-MoneySums-checkManifestLockResult.txt",
			);
			runOnlyForDeploymentPostprocessing = 0;
			shellPath = /bin/sh;
			shellScript = "diff \"${PODS_PODFILE_DIR_PATH}/Podfile.lock\" \"${PODS_ROOT}/Manifest.lock\" > /dev/null\nif [ $? != 0 ] ; then\n    # print error to STDERR\n    echo \"error: The sandbox is not in sync with the Podfile.lock. Run 'pod install' or update your CocoaPods installation.\" >&2\n    exit 1\nfi\n# This output is used by Xcode 'outputs' to avoid re-running this script phase.\necho \"SUCCESS\" > \"${SCRIPT_OUTPUT_FILE_0}\"\n";
			showEnvVarsInLog = 0;
		};
		F7A99FA315BFF46F770E5965 /* [CP] Embed Pods Frameworks */ = {
			isa = PBXShellScriptBuildPhase;
			buildActionMask = 2147483647;
			files = (
			);
			inputFileListPaths = (
				"${PODS_ROOT}/Target Support Files/Pods-MoneySums/Pods-MoneySums-frameworks-${CONFIGURATION}-input-files.xcfilelist",
			);
			name = "[CP] Embed Pods Frameworks";
			outputFileListPaths = (
				"${PODS_ROOT}/Target Support Files/Pods-MoneySums/Pods-MoneySums-frameworks-${CONFIGURATION}-output-files.xcfilelist",
			);
			runOnlyForDeploymentPostprocessing = 0;
			shellPath = /bin/sh;
			shellScript = "\"${PODS_ROOT}/Target Support Files/Pods-MoneySums/Pods-MoneySums-frameworks.sh\"\n";
			showEnvVarsInLog = 0;
		};
/* End PBXShellScriptBuildPhase section */

/* Begin PBXSourcesBuildPhase section */
		ACE2B85726C061B900755CF2 /* Sources */ = {
			isa = PBXSourcesBuildPhase;
			buildActionMask = 2147483647;
			files = (
				AC98632426EDAB28008C8DA4 /* Person.swift in Sources */,
				AC98631E26EDAB1A008C8DA4 /* UIView+util.swift in Sources */,
				AC98631126EDAAF6008C8DA4 /* AmountTableViewController.swift in Sources */,
				AC98631C26EDAB1A008C8DA4 /* UITextField+util.swift in Sources */,
				AC98632526EDAB28008C8DA4 /* Payment.swift in Sources */,
				AC98631B26EDAB1A008C8DA4 /* String+util.swift in Sources */,
				AC98632326EDAB28008C8DA4 /* Amount.swift in Sources */,
				AC98631326EDAAF6008C8DA4 /* PaymentTableViewController.swift in Sources */,
				ACE2B85F26C061B900755CF2 /* AppDelegate.swift in Sources */,
				AC98631226EDAAF6008C8DA4 /* PeopleTableViewController.swift in Sources */,
				AC98631D26EDAB1A008C8DA4 /* Double+util.swift in Sources */,
				AC98631A26EDAB1A008C8DA4 /* UIViewController+util.swift in Sources */,
				ACE2B86126C061B900755CF2 /* SceneDelegate.swift in Sources */,
			);
			runOnlyForDeploymentPostprocessing = 0;
		};
/* End PBXSourcesBuildPhase section */

/* Begin PBXVariantGroup section */
		ACE2B86426C061B900755CF2 /* Main.storyboard */ = {
			isa = PBXVariantGroup;
			children = (
				ACE2B86526C061B900755CF2 /* Base */,
			);
			name = Main.storyboard;
			sourceTree = "<group>";
		};
		ACE2B86926C061BA00755CF2 /* LaunchScreen.storyboard */ = {
			isa = PBXVariantGroup;
			children = (
				ACE2B86A26C061BA00755CF2 /* Base */,
			);
			name = LaunchScreen.storyboard;
			sourceTree = "<group>";
		};
/* End PBXVariantGroup section */

/* Begin XCBuildConfiguration section */
		ACE2B86D26C061BA00755CF2 /* Debug */ = {
			isa = XCBuildConfiguration;
			buildSettings = {
				ALWAYS_SEARCH_USER_PATHS = NO;
				CLANG_ANALYZER_NONNULL = YES;
				CLANG_ANALYZER_NUMBER_OBJECT_CONVERSION = YES_AGGRESSIVE;
				CLANG_CXX_LANGUAGE_STANDARD = "gnu++14";
				CLANG_CXX_LIBRARY = "libc++";
				CLANG_ENABLE_MODULES = YES;
				CLANG_ENABLE_OBJC_ARC = YES;
				CLANG_ENABLE_OBJC_WEAK = YES;
				CLANG_WARN_BLOCK_CAPTURE_AUTORELEASING = YES;
				CLANG_WARN_BOOL_CONVERSION = YES;
				CLANG_WARN_COMMA = YES;
				CLANG_WARN_CONSTANT_CONVERSION = YES;
				CLANG_WARN_DEPRECATED_OBJC_IMPLEMENTATIONS = YES;
				CLANG_WARN_DIRECT_OBJC_ISA_USAGE = YES_ERROR;
				CLANG_WARN_DOCUMENTATION_COMMENTS = YES;
				CLANG_WARN_EMPTY_BODY = YES;
				CLANG_WARN_ENUM_CONVERSION = YES;
				CLANG_WARN_INFINITE_RECURSION = YES;
				CLANG_WARN_INT_CONVERSION = YES;
				CLANG_WARN_NON_LITERAL_NULL_CONVERSION = YES;
				CLANG_WARN_OBJC_IMPLICIT_RETAIN_SELF = YES;
				CLANG_WARN_OBJC_LITERAL_CONVERSION = YES;
				CLANG_WARN_OBJC_ROOT_CLASS = YES_ERROR;
				CLANG_WARN_QUOTED_INCLUDE_IN_FRAMEWORK_HEADER = YES;
				CLANG_WARN_RANGE_LOOP_ANALYSIS = YES;
				CLANG_WARN_STRICT_PROTOTYPES = YES;
				CLANG_WARN_SUSPICIOUS_MOVE = YES;
				CLANG_WARN_UNGUARDED_AVAILABILITY = YES_AGGRESSIVE;
				CLANG_WARN_UNREACHABLE_CODE = YES;
				CLANG_WARN__DUPLICATE_METHOD_MATCH = YES;
				COPY_PHASE_STRIP = NO;
				DEBUG_INFORMATION_FORMAT = dwarf;
				ENABLE_STRICT_OBJC_MSGSEND = YES;
				ENABLE_TESTABILITY = YES;
				GCC_C_LANGUAGE_STANDARD = gnu11;
				GCC_DYNAMIC_NO_PIC = NO;
				GCC_NO_COMMON_BLOCKS = YES;
				GCC_OPTIMIZATION_LEVEL = 0;
				GCC_PREPROCESSOR_DEFINITIONS = (
					"DEBUG=1",
					"$(inherited)",
				);
				GCC_WARN_64_TO_32_BIT_CONVERSION = YES;
				GCC_WARN_ABOUT_RETURN_TYPE = YES_ERROR;
				GCC_WARN_UNDECLARED_SELECTOR = YES;
				GCC_WARN_UNINITIALIZED_AUTOS = YES_AGGRESSIVE;
				GCC_WARN_UNUSED_FUNCTION = YES;
				GCC_WARN_UNUSED_VARIABLE = YES;
				IPHONEOS_DEPLOYMENT_TARGET = 14.5;
				MTL_ENABLE_DEBUG_INFO = INCLUDE_SOURCE;
				MTL_FAST_MATH = YES;
				ONLY_ACTIVE_ARCH = YES;
				SDKROOT = iphoneos;
				SWIFT_ACTIVE_COMPILATION_CONDITIONS = DEBUG;
				SWIFT_OPTIMIZATION_LEVEL = "-Onone";
			};
			name = Debug;
		};
		ACE2B86E26C061BA00755CF2 /* Release */ = {
			isa = XCBuildConfiguration;
			buildSettings = {
				ALWAYS_SEARCH_USER_PATHS = NO;
				CLANG_ANALYZER_NONNULL = YES;
				CLANG_ANALYZER_NUMBER_OBJECT_CONVERSION = YES_AGGRESSIVE;
				CLANG_CXX_LANGUAGE_STANDARD = "gnu++14";
				CLANG_CXX_LIBRARY = "libc++";
				CLANG_ENABLE_MODULES = YES;
				CLANG_ENABLE_OBJC_ARC = YES;
				CLANG_ENABLE_OBJC_WEAK = YES;
				CLANG_WARN_BLOCK_CAPTURE_AUTORELEASING = YES;
				CLANG_WARN_BOOL_CONVERSION = YES;
				CLANG_WARN_COMMA = YES;
				CLANG_WARN_CONSTANT_CONVERSION = YES;
				CLANG_WARN_DEPRECATED_OBJC_IMPLEMENTATIONS = YES;
				CLANG_WARN_DIRECT_OBJC_ISA_USAGE = YES_ERROR;
				CLANG_WARN_DOCUMENTATION_COMMENTS = YES;
				CLANG_WARN_EMPTY_BODY = YES;
				CLANG_WARN_ENUM_CONVERSION = YES;
				CLANG_WARN_INFINITE_RECURSION = YES;
				CLANG_WARN_INT_CONVERSION = YES;
				CLANG_WARN_NON_LITERAL_NULL_CONVERSION = YES;
				CLANG_WARN_OBJC_IMPLICIT_RETAIN_SELF = YES;
				CLANG_WARN_OBJC_LITERAL_CONVERSION = YES;
				CLANG_WARN_OBJC_ROOT_CLASS = YES_ERROR;
				CLANG_WARN_QUOTED_INCLUDE_IN_FRAMEWORK_HEADER = YES;
				CLANG_WARN_RANGE_LOOP_ANALYSIS = YES;
				CLANG_WARN_STRICT_PROTOTYPES = YES;
				CLANG_WARN_SUSPICIOUS_MOVE = YES;
				CLANG_WARN_UNGUARDED_AVAILABILITY = YES_AGGRESSIVE;
				CLANG_WARN_UNREACHABLE_CODE = YES;
				CLANG_WARN__DUPLICATE_METHOD_MATCH = YES;
				COPY_PHASE_STRIP = NO;
				DEBUG_INFORMATION_FORMAT = "dwarf-with-dsym";
				ENABLE_NS_ASSERTIONS = NO;
				ENABLE_STRICT_OBJC_MSGSEND = YES;
				GCC_C_LANGUAGE_STANDARD = gnu11;
				GCC_NO_COMMON_BLOCKS = YES;
				GCC_WARN_64_TO_32_BIT_CONVERSION = YES;
				GCC_WARN_ABOUT_RETURN_TYPE = YES_ERROR;
				GCC_WARN_UNDECLARED_SELECTOR = YES;
				GCC_WARN_UNINITIALIZED_AUTOS = YES_AGGRESSIVE;
				GCC_WARN_UNUSED_FUNCTION = YES;
				GCC_WARN_UNUSED_VARIABLE = YES;
				IPHONEOS_DEPLOYMENT_TARGET = 14.5;
				MTL_ENABLE_DEBUG_INFO = NO;
				MTL_FAST_MATH = YES;
				SDKROOT = iphoneos;
				SWIFT_COMPILATION_MODE = wholemodule;
				SWIFT_OPTIMIZATION_LEVEL = "-O";
				VALIDATE_PRODUCT = YES;
			};
			name = Release;
		};
		ACE2B87026C061BA00755CF2 /* Debug */ = {
			isa = XCBuildConfiguration;
			baseConfigurationReference = 0817054EE101C7FD45A277DD /* Pods-MoneySums.debug.xcconfig */;
			buildSettings = {
				ASSETCATALOG_COMPILER_APPICON_NAME = AppIcon;
				ASSETCATALOG_COMPILER_GLOBAL_ACCENT_COLOR_NAME = AccentColor;
				CODE_SIGN_STYLE = Automatic;
				DEVELOPMENT_TEAM = YUGBBJAY76;
				INFOPLIST_FILE = MoneySums/Info.plist;
				IPHONEOS_DEPLOYMENT_TARGET = 13.0;
				LD_RUNPATH_SEARCH_PATHS = (
					"$(inherited)",
					"@executable_path/Frameworks",
				);
				PRODUCT_BUNDLE_IDENTIFIER = com.pisd.MoneySums;
				PRODUCT_NAME = "$(TARGET_NAME)";
				SWIFT_VERSION = 5.0;
				TARGETED_DEVICE_FAMILY = 1;
			};
			name = Debug;
		};
		ACE2B87126C061BA00755CF2 /* Release */ = {
			isa = XCBuildConfiguration;
			baseConfigurationReference = E2E60CF9924672B7F63EEFD8 /* Pods-MoneySums.release.xcconfig */;
			buildSettings = {
				ASSETCATALOG_COMPILER_APPICON_NAME = AppIcon;
				ASSETCATALOG_COMPILER_GLOBAL_ACCENT_COLOR_NAME = AccentColor;
				CODE_SIGN_STYLE = Automatic;
				DEVELOPMENT_TEAM = YUGBBJAY76;
				INFOPLIST_FILE = MoneySums/Info.plist;
				IPHONEOS_DEPLOYMENT_TARGET = 13.0;
				LD_RUNPATH_SEARCH_PATHS = (
					"$(inherited)",
					"@executable_path/Frameworks",
				);
				PRODUCT_BUNDLE_IDENTIFIER = com.pisd.MoneySums;
				PRODUCT_NAME = "$(TARGET_NAME)";
				SWIFT_VERSION = 5.0;
				TARGETED_DEVICE_FAMILY = 1;
			};
			name = Release;
		};
/* End XCBuildConfiguration section */

/* Begin XCConfigurationList section */
		ACE2B85626C061B900755CF2 /* Build configuration list for PBXProject "MoneySums" */ = {
			isa = XCConfigurationList;
			buildConfigurations = (
				ACE2B86D26C061BA00755CF2 /* Debug */,
				ACE2B86E26C061BA00755CF2 /* Release */,
			);
			defaultConfigurationIsVisible = 0;
			defaultConfigurationName = Release;
		};
		ACE2B86F26C061BA00755CF2 /* Build configuration list for PBXNativeTarget "MoneySums" */ = {
			isa = XCConfigurationList;
			buildConfigurations = (
				ACE2B87026C061BA00755CF2 /* Debug */,
				ACE2B87126C061BA00755CF2 /* Release */,
			);
			defaultConfigurationIsVisible = 0;
			defaultConfigurationName = Release;
		};
/* End XCConfigurationList section */
	};
	rootObject = ACE2B85326C061B900755CF2 /* Project object */;
}
